
Microsoft Visual Studio Solution File, Format Version 12.00
# Visual Studio Version 16
VisualStudioVersion = 16.0.30503.244
MinimumVisualStudioVersion = 10.0.40219.1
Project("{9A19103F-16F7-4668-BE54-9A1E7A4F7556}") = "Lab6", "Lab6\Lab6.csproj", "{D810774B-6A7C-4F68-A93D-F61F76E3D361}"
EndProject
Global
	GlobalSection(SolutionConfigurationPlatforms) = preSolution
		Debug|Any CPU = Debug|Any CPU
		Release|Any CPU = Release|Any CPU
	EndGlobalSection
	GlobalSection(ProjectConfigurationPlatforms) = postSolution
		{D810774B-6A7C-4F68-A93D-F61F76E3D361}.Debug|Any CPU.ActiveCfg = Debug|Any CPU
		{D810774B-6A7C-4F68-A93D-F61F76E3D361}.Debug|Any CPU.Build.0 = Debug|Any CPU
		{D810774B-6A7C-4F68-A93D-F61F76E3D361}.Release|Any CPU.ActiveCfg = Release|Any CPU
		{D810774B-6A7C-4F68-A93D-F61F76E3D361}.Release|Any CPU.Build.0 = Release|Any CPU
	EndGlobalSection
	GlobalSection(SolutionProperties) = preSolution
		HideSolutionNode = FALSE
	EndGlobalSection
	GlobalSection(ExtensibilityGlobals) = postSolution
		SolutionGuid = {0FE5087D-9B5F-401E-AD7F-A983DA5E7541}
	EndGlobalSection
EndGlobal
